{
  "name": "hobbyfier",
  "lockfileVersion": 2,
  "requires": true,
  "packages": {
    "": {
      "dependencies": {
        "postgres": "^3.4.2"
      }
    },
    "node_modules/postgres": {
      "version": "3.4.2",
      "resolved": "https://registry.npmjs.org/postgres/-/postgres-3.4.2.tgz",
      "integrity": "sha512-0UcCGvDBSaAzLeWwiq+QVmiGfOPTosFb+sxJUUtd+7Pi/ByFPuz6Gq05LbS0sM1ghMWC5atuks3pfl34g0qmFw==",
      "engines": {
        "node": ">=12"
      },
      "funding": {
        "type": "individual",
        "url": "https://github.com/sponsors/porsager"
      }
    }
  },
  "dependencies": {
    "postgres": {
      "version": "3.4.2",
      "resolved": "https://registry.npmjs.org/postgres/-/postgres-3.4.2.tgz",
      "integrity": "sha512-0UcCGvDBSaAzLeWwiq+QVmiGfOPTosFb+sxJUUtd+7Pi/ByFPuz6Gq05LbS0sM1ghMWC5atuks3pfl34g0qmFw=="
    }
  }
}
